
Microsoft Visual Studio Solution File, Format Version 12.00
# Visual Studio 2013
VisualStudioVersion = 12.0.21005.1
MinimumVisualStudioVersion = 10.0.40219.1
Project("{FAE04EC0-301F-11D3-BF4B-00C04F79EFBC}") = "DAL", "DAL\DAL.csproj", "{CA7146E3-D199-4830-8D34-E2FE42A8B78D}"
EndProject
Project("{FAE04EC0-301F-11D3-BF4B-00C04F79EFBC}") = "BLL", "BLL\BLL.csproj", "{0934E01B-6E9A-4011-B482-F917615C9EED}"
EndProject
Project("{FAE04EC0-301F-11D3-BF4B-00C04F79EFBC}") = "Model", "Model\Model.csproj", "{C5B78AC7-6195-41A7-810B-05E8631B881B}"
EndProject
Project("{E24C65DC-7377-472B-9ABA-BC803B73C61A}") = "UI(1)", "http://localhost:20559", "{228DA63E-6F98-40DC-B9F9-786990C8AD18}"
	ProjectSection(WebsiteProperties) = preProject
		UseIISExpress = "true"
		TargetFrameworkMoniker = ".NETFramework,Version%3Dv4.5"
		ProjectReferences = "{0934e01b-6e9a-4011-b482-f917615c9eed}|BLL.dll;{c5b78ac7-6195-41a7-810b-05e8631b881b}|Model.dll;"
		Debug.AspNetCompiler.VirtualPath = "/localhost_20559"
		Debug.AspNetCompiler.PhysicalPath = "UI\"
		Debug.AspNetCompiler.TargetPath = "PrecompiledWeb\localhost_20559\"
		Debug.AspNetCompiler.Updateable = "true"
		Debug.AspNetCompiler.ForceOverwrite = "true"
		Debug.AspNetCompiler.FixedNames = "false"
		Debug.AspNetCompiler.Debug = "True"
		Release.AspNetCompiler.VirtualPath = "/localhost_20559"
		Release.AspNetCompiler.PhysicalPath = "UI\"
		Release.AspNetCompiler.TargetPath = "PrecompiledWeb\localhost_20559\"
		Release.AspNetCompiler.Updateable = "true"
		Release.AspNetCompiler.ForceOverwrite = "true"
		Release.AspNetCompiler.FixedNames = "false"
		Release.AspNetCompiler.Debug = "False"
		SlnRelativePath = "UI\"
		DefaultWebSiteLanguage = "Visual C#"
	EndProjectSection
EndProject
Global
	GlobalSection(SolutionConfigurationPlatforms) = preSolution
		Debug|Any CPU = Debug|Any CPU
		Release|Any CPU = Release|Any CPU
	EndGlobalSection
	GlobalSection(ProjectConfigurationPlatforms) = postSolution
		{CA7146E3-D199-4830-8D34-E2FE42A8B78D}.Debug|Any CPU.ActiveCfg = Debug|Any CPU
		{CA7146E3-D199-4830-8D34-E2FE42A8B78D}.Debug|Any CPU.Build.0 = Debug|Any CPU
		{CA7146E3-D199-4830-8D34-E2FE42A8B78D}.Release|Any CPU.ActiveCfg = Release|Any CPU
		{CA7146E3-D199-4830-8D34-E2FE42A8B78D}.Release|Any CPU.Build.0 = Release|Any CPU
		{0934E01B-6E9A-4011-B482-F917615C9EED}.Debug|Any CPU.ActiveCfg = Debug|Any CPU
		{0934E01B-6E9A-4011-B482-F917615C9EED}.Debug|Any CPU.Build.0 = Debug|Any CPU
		{0934E01B-6E9A-4011-B482-F917615C9EED}.Release|Any CPU.ActiveCfg = Release|Any CPU
		{0934E01B-6E9A-4011-B482-F917615C9EED}.Release|Any CPU.Build.0 = Release|Any CPU
		{C5B78AC7-6195-41A7-810B-05E8631B881B}.Debug|Any CPU.ActiveCfg = Debug|Any CPU
		{C5B78AC7-6195-41A7-810B-05E8631B881B}.Debug|Any CPU.Build.0 = Debug|Any CPU
		{C5B78AC7-6195-41A7-810B-05E8631B881B}.Release|Any CPU.ActiveCfg = Release|Any CPU
		{C5B78AC7-6195-41A7-810B-05E8631B881B}.Release|Any CPU.Build.0 = Release|Any CPU
		{228DA63E-6F98-40DC-B9F9-786990C8AD18}.Debug|Any CPU.ActiveCfg = Debug|Any CPU
		{228DA63E-6F98-40DC-B9F9-786990C8AD18}.Debug|Any CPU.Build.0 = Debug|Any CPU
		{228DA63E-6F98-40DC-B9F9-786990C8AD18}.Release|Any CPU.ActiveCfg = Debug|Any CPU
		{228DA63E-6F98-40DC-B9F9-786990C8AD18}.Release|Any CPU.Build.0 = Debug|Any CPU
	EndGlobalSection
	GlobalSection(SolutionProperties) = preSolution
		HideSolutionNode = FALSE
	EndGlobalSection
EndGlobal
